{
  "name": "jixi",
  "version": "1.1.16",
  "lockfileVersion": 2,
  "requires": true,
  "packages": {
    "": {
      "version": "1.1.16",
      "license": "MIT",
      "dependencies": {
        "fscreen": "^1.2.0",
        "object-assign-deep": "^0.4.0"
      }
    },
    "node_modules/fscreen": {
      "version": "1.2.0",
      "resolved": "https://registry.npmjs.org/fscreen/-/fscreen-1.2.0.tgz",
      "integrity": "sha512-hlq4+BU0hlPmwsFjwGGzZ+OZ9N/wq9Ljg/sq3pX+2CD7hrJsX9tJgWWK/wiNTFM212CLHWhicOoqwXyZGGetJg=="
    },
    "node_modules/object-assign-deep": {
      "version": "0.4.0",
      "resolved": "https://registry.npmjs.org/object-assign-deep/-/object-assign-deep-0.4.0.tgz",
      "integrity": "sha512-54Uvn3s+4A/cMWx9tlRez1qtc7pN7pbQ+Yi7mjLjcBpWLlP+XbSHiHbQW6CElDiV4OvuzqnMrBdkgxI1mT8V/Q==",
      "engines": {
        "node": ">=6"
      }
    }
  },
  "dependencies": {
    "fscreen": {
      "version": "1.2.0",
      "resolved": "https://registry.npmjs.org/fscreen/-/fscreen-1.2.0.tgz",
      "integrity": "sha512-hlq4+BU0hlPmwsFjwGGzZ+OZ9N/wq9Ljg/sq3pX+2CD7hrJsX9tJgWWK/wiNTFM212CLHWhicOoqwXyZGGetJg=="
    },
    "object-assign-deep": {
      "version": "0.4.0",
      "resolved": "https://registry.npmjs.org/object-assign-deep/-/object-assign-deep-0.4.0.tgz",
      "integrity": "sha512-54Uvn3s+4A/cMWx9tlRez1qtc7pN7pbQ+Yi7mjLjcBpWLlP+XbSHiHbQW6CElDiV4OvuzqnMrBdkgxI1mT8V/Q=="
    }
  }
}
